
Microsoft Visual Studio Solution File, Format Version 12.00
# Visual Studio Version 17
VisualStudioVersion = 17.13.35806.99 d17.13
MinimumVisualStudioVersion = 10.0.40219.1
Project("{FAE04EC0-301F-11D3-BF4B-00C04F79EFBC}") = "WebAttendanceApplication", "WebAttendanceApplication\WebAttendanceApplication.csproj", "{AD046A9B-6FEA-4CD6-83CA-385D01CAD567}"
EndProject
Global
	GlobalSection(SolutionConfigurationPlatforms) = preSolution
		Debug|Any CPU = Debug|Any CPU
		Release|Any CPU = Release|Any CPU
	EndGlobalSection
	GlobalSection(ProjectConfigurationPlatforms) = postSolution
		{AD046A9B-6FEA-4CD6-83CA-385D01CAD567}.Debug|Any CPU.ActiveCfg = Debug|Any CPU
		{AD046A9B-6FEA-4CD6-83CA-385D01CAD567}.Debug|Any CPU.Build.0 = Debug|Any CPU
		{AD046A9B-6FEA-4CD6-83CA-385D01CAD567}.Release|Any CPU.ActiveCfg = Release|Any CPU
		{AD046A9B-6FEA-4CD6-83CA-385D01CAD567}.Release|Any CPU.Build.0 = Release|Any CPU
	EndGlobalSection
	GlobalSection(SolutionProperties) = preSolution
		HideSolutionNode = FALSE
	EndGlobalSection
	GlobalSection(ExtensibilityGlobals) = postSolution
		SolutionGuid = {87678F32-99FD-4CCF-9FCF-0D4017EFB6D0}
	EndGlobalSection
EndGlobal
